// !$*UTF8*$!
{
	archiveVersion = 1;
	classes = {
	};
	objectVersion = 46;
	objects = {

/* Begin PBXBuildFile section */
		2750B7D11571758D0058BAC7 /* CocoaAsyncSocket.framework in Frameworks */ = {isa = PBXBuildFile; fileRef = 2750B7CD1571758D0058BAC7 /* CocoaAsyncSocket.framework */; };
		2750B7D21571758D0058BAC7 /* CocoaHTTPServer.framework in Frameworks */ = {isa = PBXBuildFile; fileRef = 2750B7CE1571758D0058BAC7 /* CocoaHTTPServer.framework */; };
		2750B7D31571758D0058BAC7 /* CocoaLumberjack.framework in Frameworks */ = {isa = PBXBuildFile; fileRef = 2750B7CF1571758D0058BAC7 /* CocoaLumberjack.framework */; };
		2750B7D41571758D0058BAC7 /* RoutingHTTPServer.framework in Frameworks */ = {isa = PBXBuildFile; fileRef = 2750B7D01571758D0058BAC7 /* RoutingHTTPServer.framework */; };
		2750B7D8157175F20058BAC7 /* ASEAppDelegate.m in Sources */ = {isa = PBXBuildFile; fileRef = 2750B7D7157175F20058BAC7 /* ASEAppDelegate.m */; };
		2750B7DE157176060058BAC7 /* Credits.rtf in Resources */ = {isa = PBXBuildFile; fileRef = 2750B7DA157176060058BAC7 /* Credits.rtf */; };
		2750B7DF157176060058BAC7 /* MainMenu.xib in Resources */ = {isa = PBXBuildFile; fileRef = 2750B7DC157176060058BAC7 /* MainMenu.xib */; };
		2750B7E1157176110058BAC7 /* main.m in Sources */ = {isa = PBXBuildFile; fileRef = 2750B7E0157176110058BAC7 /* main.m */; };
		2750B7EB1571765D0058BAC7 /* CocoaAsyncSocket.framework in CopyFiles */ = {isa = PBXBuildFile; fileRef = 2750B7CD1571758D0058BAC7 /* CocoaAsyncSocket.framework */; };
		2750B7EC1571765D0058BAC7 /* CocoaHTTPServer.framework in CopyFiles */ = {isa = PBXBuildFile; fileRef = 2750B7CE1571758D0058BAC7 /* CocoaHTTPServer.framework */; };
		2750B7ED1571765D0058BAC7 /* CocoaLumberjack.framework in CopyFiles */ = {isa = PBXBuildFile; fileRef = 2750B7CF1571758D0058BAC7 /* CocoaLumberjack.framework */; };
		2750B7EE1571765D0058BAC7 /* RoutingHTTPServer.framework in CopyFiles */ = {isa = PBXBuildFile; fileRef = 2750B7D01571758D0058BAC7 /* RoutingHTTPServer.framework */; };
		2750B7F3157176910058BAC7 /* ASEHelloRoutingServer.m in Sources */ = {isa = PBXBuildFile; fileRef = 2750B7F2157176910058BAC7 /* ASEHelloRoutingServer.m */; };
		2750B7FF157177880058BAC7 /* UIKit.framework in Frameworks */ = {isa = PBXBuildFile; fileRef = 2750B7FE157177880058BAC7 /* UIKit.framework */; };
		2750B801157177880058BAC7 /* Foundation.framework in Frameworks */ = {isa = PBXBuildFile; fileRef = 2750B800157177880058BAC7 /* Foundation.framework */; };
		2750B803157177880058BAC7 /* CoreGraphics.framework in Frameworks */ = {isa = PBXBuildFile; fileRef = 2750B802157177880058BAC7 /* CoreGraphics.framework */; };
		2750B809157177880058BAC7 /* InfoPlist.strings in Resources */ = {isa = PBXBuildFile; fileRef = 2750B807157177880058BAC7 /* InfoPlist.strings */; };
		2750B80B157177880058BAC7 /* main.m in Sources */ = {isa = PBXBuildFile; fileRef = 2750B80A157177880058BAC7 /* main.m */; };
		2750B80F157177880058BAC7 /* ASEAppDelegate.m in Sources */ = {isa = PBXBuildFile; fileRef = 2750B80E157177880058BAC7 /* ASEAppDelegate.m */; };
		2750B812157177880058BAC7 /* MainStoryboard_iPhone.storyboard in Resources */ = {isa = PBXBuildFile; fileRef = 2750B810157177880058BAC7 /* MainStoryboard_iPhone.storyboard */; };
		2750B815157177880058BAC7 /* MainStoryboard_iPad.storyboard in Resources */ = {isa = PBXBuildFile; fileRef = 2750B813157177880058BAC7 /* MainStoryboard_iPad.storyboard */; };
		2750B818157177880058BAC7 /* ASEViewController.m in Sources */ = {isa = PBXBuildFile; fileRef = 2750B817157177880058BAC7 /* ASEViewController.m */; };
		2750B821157177ED0058BAC7 /* CocoaAsyncSocket.framework in Frameworks */ = {isa = PBXBuildFile; fileRef = 2750B81D157177ED0058BAC7 /* CocoaAsyncSocket.framework */; };
		2750B822157177ED0058BAC7 /* CocoaHTTPServer.framework in Frameworks */ = {isa = PBXBuildFile; fileRef = 2750B81E157177ED0058BAC7 /* CocoaHTTPServer.framework */; };
		2750B823157177ED0058BAC7 /* CocoaLumberjack.framework in Frameworks */ = {isa = PBXBuildFile; fileRef = 2750B81F157177ED0058BAC7 /* CocoaLumberjack.framework */; };
		2750B824157177ED0058BAC7 /* RoutingHTTPServer.framework in Frameworks */ = {isa = PBXBuildFile; fileRef = 2750B820157177ED0058BAC7 /* RoutingHTTPServer.framework */; };
		2750B826157178030058BAC7 /* ASEHelloRoutingServer.m in Sources */ = {isa = PBXBuildFile; fileRef = 2750B7F2157176910058BAC7 /* ASEHelloRoutingServer.m */; };
		2750B8281571780A0058BAC7 /* CFNetwork.framework in Frameworks */ = {isa = PBXBuildFile; fileRef = 2750B8271571780A0058BAC7 /* CFNetwork.framework */; };
		2750B82A1571780E0058BAC7 /* Security.framework in Frameworks */ = {isa = PBXBuildFile; fileRef = 2750B8291571780E0058BAC7 /* Security.framework */; };
		2776D6DC156EF98300C57037 /* Cocoa.framework in Frameworks */ = {isa = PBXBuildFile; fileRef = 2776D6DB156EF98300C57037 /* Cocoa.framework */; };
/* End PBXBuildFile section */

/* Begin PBXCopyFilesBuildPhase section */
		2776D700156EF9D700C57037 /* CopyFiles */ = {
			isa = PBXCopyFilesBuildPhase;
			buildActionMask = 2147483647;
			dstPath = "";
			dstSubfolderSpec = 10;
			files = (
				2750B7EB1571765D0058BAC7 /* CocoaAsyncSocket.framework in CopyFiles */,
				2750B7EC1571765D0058BAC7 /* CocoaHTTPServer.framework in CopyFiles */,
				2750B7ED1571765D0058BAC7 /* CocoaLumberjack.framework in CopyFiles */,
				2750B7EE1571765D0058BAC7 /* RoutingHTTPServer.framework in CopyFiles */,
			);
			runOnlyForDeploymentPostprocessing = 0;
		};
/* End PBXCopyFilesBuildPhase section */

/* Begin PBXFileReference section */
		2750B7CD1571758D0058BAC7 /* CocoaAsyncSocket.framework */ = {isa = PBXFileReference; lastKnownFileType = wrapper.framework; name = CocoaAsyncSocket.framework; path = FrameworksOSX/CocoaAsyncSocket.framework; sourceTree = "<group>"; };
		2750B7CE1571758D0058BAC7 /* CocoaHTTPServer.framework */ = {isa = PBXFileReference; lastKnownFileType = wrapper.framework; name = CocoaHTTPServer.framework; path = FrameworksOSX/CocoaHTTPServer.framework; sourceTree = "<group>"; };
		2750B7CF1571758D0058BAC7 /* CocoaLumberjack.framework */ = {isa = PBXFileReference; lastKnownFileType = wrapper.framework; name = CocoaLumberjack.framework; path = FrameworksOSX/CocoaLumberjack.framework; sourceTree = "<group>"; };
		2750B7D01571758D0058BAC7 /* RoutingHTTPServer.framework */ = {isa = PBXFileReference; lastKnownFileType = wrapper.framework; name = RoutingHTTPServer.framework; path = FrameworksOSX/RoutingHTTPServer.framework; sourceTree = "<group>"; };
		2750B7D6157175F20058BAC7 /* ASEAppDelegate.h */ = {isa = PBXFileReference; fileEncoding = 4; lastKnownFileType = sourcecode.c.h; name = ASEAppDelegate.h; path = HelloRoutingServerOSX/ASEAppDelegate.h; sourceTree = "<group>"; };
		2750B7D7157175F20058BAC7 /* ASEAppDelegate.m */ = {isa = PBXFileReference; fileEncoding = 4; lastKnownFileType = sourcecode.c.objc; name = ASEAppDelegate.m; path = HelloRoutingServerOSX/ASEAppDelegate.m; sourceTree = "<group>"; };
		2750B7DB157176060058BAC7 /* en */ = {isa = PBXFileReference; lastKnownFileType = text.rtf; name = en; path = HelloRoutingServerOSX/en.lproj/Credits.rtf; sourceTree = "<group>"; };
		2750B7DD157176060058BAC7 /* en */ = {isa = PBXFileReference; lastKnownFileType = file.xib; name = en; path = HelloRoutingServerOSX/en.lproj/MainMenu.xib; sourceTree = "<group>"; };
		2750B7E0157176110058BAC7 /* main.m */ = {isa = PBXFileReference; fileEncoding = 4; lastKnownFileType = sourcecode.c.objc; name = main.m; path = HelloRoutingServerOSX/main.m; sourceTree = "<group>"; };
		2750B7E7157176360058BAC7 /* HelloRoutingServer-Info.plist */ = {isa = PBXFileReference; lastKnownFileType = text.plist.xml; name = "HelloRoutingServer-Info.plist"; path = "HelloRoutingServerOSX/HelloRoutingServer-Info.plist"; sourceTree = "<group>"; };
		2750B7E8157176360058BAC7 /* HelloRoutingServer-Prefix.pch */ = {isa = PBXFileReference; lastKnownFileType = sourcecode.c.h; name = "HelloRoutingServer-Prefix.pch"; path = "HelloRoutingServerOSX/HelloRoutingServer-Prefix.pch"; sourceTree = "<group>"; };
		2750B7EA1571763D0058BAC7 /* en */ = {isa = PBXFileReference; lastKnownFileType = text.plist.strings; name = en; path = HelloRoutingServerOSX/en.lproj/InfoPlist.strings; sourceTree = "<group>"; };
		2750B7F1157176910058BAC7 /* ASEHelloRoutingServer.h */ = {isa = PBXFileReference; fileEncoding = 4; lastKnownFileType = sourcecode.c.h; name = ASEHelloRoutingServer.h; path = HelloRoutingServer/ASEHelloRoutingServer.h; sourceTree = "<group>"; };
		2750B7F2157176910058BAC7 /* ASEHelloRoutingServer.m */ = {isa = PBXFileReference; fileEncoding = 4; lastKnownFileType = sourcecode.c.objc; name = ASEHelloRoutingServer.m; path = HelloRoutingServer/ASEHelloRoutingServer.m; sourceTree = "<group>"; };
		2750B7FC157177880058BAC7 /* HelloRoutingServerIOS.app */ = {isa = PBXFileReference; explicitFileType = wrapper.application; includeInIndex = 0; path = HelloRoutingServerIOS.app; sourceTree = BUILT_PRODUCTS_DIR; };
		2750B7FE157177880058BAC7 /* UIKit.framework */ = {isa = PBXFileReference; lastKnownFileType = wrapper.framework; name = UIKit.framework; path = Library/Frameworks/UIKit.framework; sourceTree = DEVELOPER_DIR; };
		2750B800157177880058BAC7 /* Foundation.framework */ = {isa = PBXFileReference; lastKnownFileType = wrapper.framework; name = Foundation.framework; path = Library/Frameworks/Foundation.framework; sourceTree = DEVELOPER_DIR; };
		2750B802157177880058BAC7 /* CoreGraphics.framework */ = {isa = PBXFileReference; lastKnownFileType = wrapper.framework; name = CoreGraphics.framework; path = Library/Frameworks/CoreGraphics.framework; sourceTree = DEVELOPER_DIR; };
		2750B806157177880058BAC7 /* HelloRoutingServerIOS-Info.plist */ = {isa = PBXFileReference; lastKnownFileType = text.plist.xml; path = "HelloRoutingServerIOS-Info.plist"; sourceTree = "<group>"; };
		2750B808157177880058BAC7 /* en */ = {isa = PBXFileReference; lastKnownFileType = text.plist.strings; name = en; path = en.lproj/InfoPlist.strings; sourceTree = "<group>"; };
		2750B80A157177880058BAC7 /* main.m */ = {isa = PBXFileReference; lastKnownFileType = sourcecode.c.objc; path = main.m; sourceTree = "<group>"; };
		2750B80C157177880058BAC7 /* HelloRoutingServerIOS-Prefix.pch */ = {isa = PBXFileReference; lastKnownFileType = sourcecode.c.h; path = "HelloRoutingServerIOS-Prefix.pch"; sourceTree = "<group>"; };
		2750B80D157177880058BAC7 /* ASEAppDelegate.h */ = {isa = PBXFileReference; lastKnownFileType = sourcecode.c.h; path = ASEAppDelegate.h; sourceTree = "<group>"; };
		2750B80E157177880058BAC7 /* ASEAppDelegate.m */ = {isa = PBXFileReference; lastKnownFileType = sourcecode.c.objc; path = ASEAppDelegate.m; sourceTree = "<group>"; };
		2750B811157177880058BAC7 /* en */ = {isa = PBXFileReference; lastKnownFileType = file.storyboard; name = en; path = en.lproj/MainStoryboard_iPhone.storyboard; sourceTree = "<group>"; };
		2750B814157177880058BAC7 /* en */ = {isa = PBXFileReference; lastKnownFileType = file.storyboard; name = en; path = en.lproj/MainStoryboard_iPad.storyboard; sourceTree = "<group>"; };
		2750B816157177880058BAC7 /* ASEViewController.h */ = {isa = PBXFileReference; lastKnownFileType = sourcecode.c.h; path = ASEViewController.h; sourceTree = "<group>"; };
		2750B817157177880058BAC7 /* ASEViewController.m */ = {isa = PBXFileReference; lastKnownFileType = sourcecode.c.objc; path = ASEViewController.m; sourceTree = "<group>"; };
		2750B81D157177ED0058BAC7 /* CocoaAsyncSocket.framework */ = {isa = PBXFileReference; lastKnownFileType = wrapper.framework; name = CocoaAsyncSocket.framework; path = FrameworksIOS/CocoaAsyncSocket.framework; sourceTree = "<group>"; };
		2750B81E157177ED0058BAC7 /* CocoaHTTPServer.framework */ = {isa = PBXFileReference; lastKnownFileType = wrapper.framework; name = CocoaHTTPServer.framework; path = FrameworksIOS/CocoaHTTPServer.framework; sourceTree = "<group>"; };
		2750B81F157177ED0058BAC7 /* CocoaLumberjack.framework */ = {isa = PBXFileReference; lastKnownFileType = wrapper.framework; name = CocoaLumberjack.framework; path = FrameworksIOS/CocoaLumberjack.framework; sourceTree = "<group>"; };
		2750B820157177ED0058BAC7 /* RoutingHTTPServer.framework */ = {isa = PBXFileReference; lastKnownFileType = wrapper.framework; name = RoutingHTTPServer.framework; path = FrameworksIOS/RoutingHTTPServer.framework; sourceTree = "<group>"; };
		2750B8271571780A0058BAC7 /* CFNetwork.framework */ = {isa = PBXFileReference; lastKnownFileType = wrapper.framework; name = CFNetwork.framework; path = Platforms/iPhoneOS.platform/Developer/SDKs/iPhoneOS5.1.sdk/System/Library/Frameworks/CFNetwork.framework; sourceTree = DEVELOPER_DIR; };
		2750B8291571780E0058BAC7 /* Security.framework */ = {isa = PBXFileReference; lastKnownFileType = wrapper.framework; name = Security.framework; path = Platforms/iPhoneOS.platform/Developer/SDKs/iPhoneOS5.1.sdk/System/Library/Frameworks/Security.framework; sourceTree = DEVELOPER_DIR; };
		2776D6D7156EF98300C57037 /* HelloRoutingServerOSX.app */ = {isa = PBXFileReference; explicitFileType = wrapper.application; includeInIndex = 0; path = HelloRoutingServerOSX.app; sourceTree = BUILT_PRODUCTS_DIR; };
		2776D6DB156EF98300C57037 /* Cocoa.framework */ = {isa = PBXFileReference; lastKnownFileType = wrapper.framework; name = Cocoa.framework; path = System/Library/Frameworks/Cocoa.framework; sourceTree = SDKROOT; };
		2776D6DE156EF98300C57037 /* AppKit.framework */ = {isa = PBXFileReference; lastKnownFileType = wrapper.framework; name = AppKit.framework; path = System/Library/Frameworks/AppKit.framework; sourceTree = SDKROOT; };
		2776D6DF156EF98300C57037 /* CoreData.framework */ = {isa = PBXFileReference; lastKnownFileType = wrapper.framework; name = CoreData.framework; path = System/Library/Frameworks/CoreData.framework; sourceTree = SDKROOT; };
		2776D6E0156EF98300C57037 /* Foundation.framework */ = {isa = PBXFileReference; lastKnownFileType = wrapper.framework; name = Foundation.framework; path = System/Library/Frameworks/Foundation.framework; sourceTree = SDKROOT; };
/* End PBXFileReference section */

/* Begin PBXFrameworksBuildPhase section */
		2750B7F9157177880058BAC7 /* Frameworks */ = {
			isa = PBXFrameworksBuildPhase;
			buildActionMask = 2147483647;
			files = (
				2750B82A1571780E0058BAC7 /* Security.framework in Frameworks */,
				2750B8281571780A0058BAC7 /* CFNetwork.framework in Frameworks */,
				2750B7FF157177880058BAC7 /* UIKit.framework in Frameworks */,
				2750B801157177880058BAC7 /* Foundation.framework in Frameworks */,
				2750B803157177880058BAC7 /* CoreGraphics.framework in Frameworks */,
				2750B821157177ED0058BAC7 /* CocoaAsyncSocket.framework in Frameworks */,
				2750B822157177ED0058BAC7 /* CocoaHTTPServer.framework in Frameworks */,
				2750B823157177ED0058BAC7 /* CocoaLumberjack.framework in Frameworks */,
				2750B824157177ED0058BAC7 /* RoutingHTTPServer.framework in Frameworks */,
			);
			runOnlyForDeploymentPostprocessing = 0;
		};
		2776D6D4156EF98300C57037 /* Frameworks */ = {
			isa = PBXFrameworksBuildPhase;
			buildActionMask = 2147483647;
			files = (
				2776D6DC156EF98300C57037 /* Cocoa.framework in Frameworks */,
				2750B7D11571758D0058BAC7 /* CocoaAsyncSocket.framework in Frameworks */,
				2750B7D21571758D0058BAC7 /* CocoaHTTPServer.framework in Frameworks */,
				2750B7D31571758D0058BAC7 /* CocoaLumberjack.framework in Frameworks */,
				2750B7D41571758D0058BAC7 /* RoutingHTTPServer.framework in Frameworks */,
			);
			runOnlyForDeploymentPostprocessing = 0;
		};
/* End PBXFrameworksBuildPhase section */

/* Begin PBXGroup section */
		2750B7D5157175C20058BAC7 /* HelloRoutingServerOSX */ = {
			isa = PBXGroup;
			children = (
				2750B7D6157175F20058BAC7 /* ASEAppDelegate.h */,
				2750B7D7157175F20058BAC7 /* ASEAppDelegate.m */,
				2750B7DC157176060058BAC7 /* MainMenu.xib */,
				2750B7D9157175F40058BAC7 /* Supporting Files */,
			);
			name = HelloRoutingServerOSX;
			sourceTree = "<group>";
		};
		2750B7D9157175F40058BAC7 /* Supporting Files */ = {
			isa = PBXGroup;
			children = (
				2750B7E7157176360058BAC7 /* HelloRoutingServer-Info.plist */,
				2750B7E91571763D0058BAC7 /* InfoPlist.strings */,
				2750B7E8157176360058BAC7 /* HelloRoutingServer-Prefix.pch */,
				2750B7DA157176060058BAC7 /* Credits.rtf */,
				2750B7E0157176110058BAC7 /* main.m */,
			);
			name = "Supporting Files";
			sourceTree = "<group>";
		};
		2750B7EF157176620058BAC7 /* OSX */ = {
			isa = PBXGroup;
			children = (
				2750B7CD1571758D0058BAC7 /* CocoaAsyncSocket.framework */,
				2750B7CE1571758D0058BAC7 /* CocoaHTTPServer.framework */,
				2750B7CF1571758D0058BAC7 /* CocoaLumberjack.framework */,
				2750B7D01571758D0058BAC7 /* RoutingHTTPServer.framework */,
			);
			name = OSX;
			sourceTree = "<group>";
		};
		2750B7F0157176770058BAC7 /* HelloRoutingServer */ = {
			isa = PBXGroup;
			children = (
				2750B7F1157176910058BAC7 /* ASEHelloRoutingServer.h */,
				2750B7F2157176910058BAC7 /* ASEHelloRoutingServer.m */,
			);
			name = HelloRoutingServer;
			sourceTree = "<group>";
		};
		2750B804157177880058BAC7 /* HelloRoutingServerIOS */ = {
			isa = PBXGroup;
			children = (
				2750B80D157177880058BAC7 /* ASEAppDelegate.h */,
				2750B80E157177880058BAC7 /* ASEAppDelegate.m */,
				2750B810157177880058BAC7 /* MainStoryboard_iPhone.storyboard */,
				2750B813157177880058BAC7 /* MainStoryboard_iPad.storyboard */,
				2750B816157177880058BAC7 /* ASEViewController.h */,
				2750B817157177880058BAC7 /* ASEViewController.m */,
				2750B805157177880058BAC7 /* Supporting Files */,
			);
			path = HelloRoutingServerIOS;
			sourceTree = "<group>";
		};
		2750B805157177880058BAC7 /* Supporting Files */ = {
			isa = PBXGroup;
			children = (
				2750B806157177880058BAC7 /* HelloRoutingServerIOS-Info.plist */,
				2750B807157177880058BAC7 /* InfoPlist.strings */,
				2750B80A157177880058BAC7 /* main.m */,
				2750B80C157177880058BAC7 /* HelloRoutingServerIOS-Prefix.pch */,
			);
			name = "Supporting Files";
			sourceTree = "<group>";
		};
		2750B825157177F00058BAC7 /* IOS */ = {
			isa = PBXGroup;
			children = (
				2750B8291571780E0058BAC7 /* Security.framework */,
				2750B8271571780A0058BAC7 /* CFNetwork.framework */,
				2750B81D157177ED0058BAC7 /* CocoaAsyncSocket.framework */,
				2750B81E157177ED0058BAC7 /* CocoaHTTPServer.framework */,
				2750B81F157177ED0058BAC7 /* CocoaLumberjack.framework */,
				2750B820157177ED0058BAC7 /* RoutingHTTPServer.framework */,
			);
			name = IOS;
			sourceTree = "<group>";
		};
		2776D6CC156EF98300C57037 = {
			isa = PBXGroup;
			children = (
				2750B7F0157176770058BAC7 /* HelloRoutingServer */,
				2750B7D5157175C20058BAC7 /* HelloRoutingServerOSX */,
				2750B804157177880058BAC7 /* HelloRoutingServerIOS */,
				2776D6DA156EF98300C57037 /* Frameworks */,
				2776D6D8156EF98300C57037 /* Products */,
			);
			sourceTree = "<group>";
		};
		2776D6D8156EF98300C57037 /* Products */ = {
			isa = PBXGroup;
			children = (
				2776D6D7156EF98300C57037 /* HelloRoutingServerOSX.app */,
				2750B7FC157177880058BAC7 /* HelloRoutingServerIOS.app */,
			);
			name = Products;
			sourceTree = "<group>";
		};
		2776D6DA156EF98300C57037 /* Frameworks */ = {
			isa = PBXGroup;
			children = (
				2750B825157177F00058BAC7 /* IOS */,
				2750B7EF157176620058BAC7 /* OSX */,
				2776D6DB156EF98300C57037 /* Cocoa.framework */,
				2750B7FE157177880058BAC7 /* UIKit.framework */,
				2750B800157177880058BAC7 /* Foundation.framework */,
				2750B802157177880058BAC7 /* CoreGraphics.framework */,
				2776D6DD156EF98300C57037 /* Other Frameworks */,
			);
			name = Frameworks;
			sourceTree = "<group>";
		};
		2776D6DD156EF98300C57037 /* Other Frameworks */ = {
			isa = PBXGroup;
			children = (
				2776D6DE156EF98300C57037 /* AppKit.framework */,
				2776D6DF156EF98300C57037 /* CoreData.framework */,
				2776D6E0156EF98300C57037 /* Foundation.framework */,
			);
			name = "Other Frameworks";
			sourceTree = "<group>";
		};
/* End PBXGroup section */

/* Begin PBXNativeTarget section */
		2750B7FB157177880058BAC7 /* HelloRoutingServerIOS */ = {
			isa = PBXNativeTarget;
			buildConfigurationList = 2750B81B157177880058BAC7 /* Build configuration list for PBXNativeTarget "HelloRoutingServerIOS" */;
			buildPhases = (
				2750B7F8157177880058BAC7 /* Sources */,
				2750B7F9157177880058BAC7 /* Frameworks */,
				2750B7FA157177880058BAC7 /* Resources */,
			);
			buildRules = (
			);
			dependencies = (
			);
			name = HelloRoutingServerIOS;
			productName = HelloRoutingServerIOS;
			productReference = 2750B7FC157177880058BAC7 /* HelloRoutingServerIOS.app */;
			productType = "com.apple.product-type.application";
		};
		2776D6D6156EF98300C57037 /* HelloRoutingServerOSX */ = {
			isa = PBXNativeTarget;
			buildConfigurationList = 2776D6F5156EF98400C57037 /* Build configuration list for PBXNativeTarget "HelloRoutingServerOSX" */;
			buildPhases = (
				2776D6D3156EF98300C57037 /* Sources */,
				2776D6D4156EF98300C57037 /* Frameworks */,
				2776D6D5156EF98300C57037 /* Resources */,
				2776D700156EF9D700C57037 /* CopyFiles */,
			);
			buildRules = (
			);
			dependencies = (
			);
			name = HelloRoutingServerOSX;
			productName = HelloRoutingServer;
			productReference = 2776D6D7156EF98300C57037 /* HelloRoutingServerOSX.app */;
			productType = "com.apple.product-type.application";
		};
/* End PBXNativeTarget section */

/* Begin PBXProject section */
		2776D6CE156EF98300C57037 /* Project object */ = {
			isa = PBXProject;
			attributes = {
				CLASSPREFIX = ASE;
				LastUpgradeCheck = 0430;
			};
			buildConfigurationList = 2776D6D1156EF98300C57037 /* Build configuration list for PBXProject "HelloRoutingServer" */;
			compatibilityVersion = "Xcode 3.2";
			developmentRegion = English;
			hasScannedForEncodings = 0;
			knownRegions = (
				en,
			);
			mainGroup = 2776D6CC156EF98300C57037;
			productRefGroup = 2776D6D8156EF98300C57037 /* Products */;
			projectDirPath = "";
			projectRoot = "";
			targets = (
				2776D6D6156EF98300C57037 /* HelloRoutingServerOSX */,
				2750B7FB157177880058BAC7 /* HelloRoutingServerIOS */,
			);
		};
/* End PBXProject section */

/* Begin PBXResourcesBuildPhase section */
		2750B7FA157177880058BAC7 /* Resources */ = {
			isa = PBXResourcesBuildPhase;
			buildActionMask = 2147483647;
			files = (
				2750B809157177880058BAC7 /* InfoPlist.strings in Resources */,
				2750B812157177880058BAC7 /* MainStoryboard_iPhone.storyboard in Resources */,
				2750B815157177880058BAC7 /* MainStoryboard_iPad.storyboard in Resources */,
			);
			runOnlyForDeploymentPostprocessing = 0;
		};
		2776D6D5156EF98300C57037 /* Resources */ = {
			isa = PBXResourcesBuildPhase;
			buildActionMask = 2147483647;
			files = (
				2750B7DE157176060058BAC7 /* Credits.rtf in Resources */,
				2750B7DF157176060058BAC7 /* MainMenu.xib in Resources */,
			);
			runOnlyForDeploymentPostprocessing = 0;
		};
/* End PBXResourcesBuildPhase section */

/* Begin PBXSourcesBuildPhase section */
		2750B7F8157177880058BAC7 /* Sources */ = {
			isa = PBXSourcesBuildPhase;
			buildActionMask = 2147483647;
			files = (
				2750B826157178030058BAC7 /* ASEHelloRoutingServer.m in Sources */,
				2750B80B157177880058BAC7 /* main.m in Sources */,
				2750B80F157177880058BAC7 /* ASEAppDelegate.m in Sources */,
				2750B818157177880058BAC7 /* ASEViewController.m in Sources */,
			);
			runOnlyForDeploymentPostprocessing = 0;
		};
		2776D6D3156EF98300C57037 /* Sources */ = {
			isa = PBXSourcesBuildPhase;
			buildActionMask = 2147483647;
			files = (
				2750B7D8157175F20058BAC7 /* ASEAppDelegate.m in Sources */,
				2750B7E1157176110058BAC7 /* main.m in Sources */,
				2750B7F3157176910058BAC7 /* ASEHelloRoutingServer.m in Sources */,
			);
			runOnlyForDeploymentPostprocessing = 0;
		};
/* End PBXSourcesBuildPhase section */

/* Begin PBXVariantGroup section */
		2750B7DA157176060058BAC7 /* Credits.rtf */ = {
			isa = PBXVariantGroup;
			children = (
				2750B7DB157176060058BAC7 /* en */,
			);
			name = Credits.rtf;
			sourceTree = "<group>";
		};
		2750B7DC157176060058BAC7 /* MainMenu.xib */ = {
			isa = PBXVariantGroup;
			children = (
				2750B7DD157176060058BAC7 /* en */,
			);
			name = MainMenu.xib;
			sourceTree = "<group>";
		};
		2750B7E91571763D0058BAC7 /* InfoPlist.strings */ = {
			isa = PBXVariantGroup;
			children = (
				2750B7EA1571763D0058BAC7 /* en */,
			);
			name = InfoPlist.strings;
			sourceTree = "<group>";
		};
		2750B807157177880058BAC7 /* InfoPlist.strings */ = {
			isa = PBXVariantGroup;
			children = (
				2750B808157177880058BAC7 /* en */,
			);
			name = InfoPlist.strings;
			sourceTree = "<group>";
		};
		2750B810157177880058BAC7 /* MainStoryboard_iPhone.storyboard */ = {
			isa = PBXVariantGroup;
			children = (
				2750B811157177880058BAC7 /* en */,
			);
			name = MainStoryboard_iPhone.storyboard;
			sourceTree = "<group>";
		};
		2750B813157177880058BAC7 /* MainStoryboard_iPad.storyboard */ = {
			isa = PBXVariantGroup;
			children = (
				2750B814157177880058BAC7 /* en */,
			);
			name = MainStoryboard_iPad.storyboard;
			sourceTree = "<group>";
		};
/* End PBXVariantGroup section */

/* Begin XCBuildConfiguration section */
		2750B819157177880058BAC7 /* Debug */ = {
			isa = XCBuildConfiguration;
			buildSettings = {
				ARCHS = "$(ARCHS_STANDARD_32_BIT)";
				"CODE_SIGN_IDENTITY[sdk=iphoneos*]" = "iPhone Developer";
				FRAMEWORK_SEARCH_PATHS = (
					"$(inherited)",
					"\"$(SYSTEM_APPS_DIR)/Xcode.app/Contents/Developer/Library/Frameworks\"",
					"\"$(SRCROOT)/FrameworksIOS\"",
				);
				GCC_PRECOMPILE_PREFIX_HEADER = YES;
				GCC_PREFIX_HEADER = "HelloRoutingServerIOS/HelloRoutingServerIOS-Prefix.pch";
				INFOPLIST_FILE = "HelloRoutingServerIOS/HelloRoutingServerIOS-Info.plist";
				IPHONEOS_DEPLOYMENT_TARGET = 5.1;
				PRODUCT_NAME = "$(TARGET_NAME)";
				SDKROOT = iphoneos;
				TARGETED_DEVICE_FAMILY = "1,2";
				WRAPPER_EXTENSION = app;
			};
			name = Debug;
		};
		2750B81A157177880058BAC7 /* Release */ = {
			isa = XCBuildConfiguration;
			buildSettings = {
				ARCHS = "$(ARCHS_STANDARD_32_BIT)";
				"CODE_SIGN_IDENTITY[sdk=iphoneos*]" = "iPhone Developer";
				FRAMEWORK_SEARCH_PATHS = (
					"$(inherited)",
					"\"$(SYSTEM_APPS_DIR)/Xcode.app/Contents/Developer/Library/Frameworks\"",
					"\"$(SRCROOT)/FrameworksIOS\"",
				);
				GCC_PRECOMPILE_PREFIX_HEADER = YES;
				GCC_PREFIX_HEADER = "HelloRoutingServerIOS/HelloRoutingServerIOS-Prefix.pch";
				INFOPLIST_FILE = "HelloRoutingServerIOS/HelloRoutingServerIOS-Info.plist";
				IPHONEOS_DEPLOYMENT_TARGET = 5.1;
				OTHER_CFLAGS = "-DNS_BLOCK_ASSERTIONS=1";
				PRODUCT_NAME = "$(TARGET_NAME)";
				SDKROOT = iphoneos;
				TARGETED_DEVICE_FAMILY = "1,2";
				VALIDATE_PRODUCT = YES;
				WRAPPER_EXTENSION = app;
			};
			name = Release;
		};
		2776D6F3156EF98400C57037 /* Debug */ = {
			isa = XCBuildConfiguration;
			buildSettings = {
				ALWAYS_SEARCH_USER_PATHS = NO;
				ARCHS = "$(ARCHS_STANDARD_64_BIT)";
				CLANG_ENABLE_OBJC_ARC = YES;
				COPY_PHASE_STRIP = NO;
				GCC_C_LANGUAGE_STANDARD = gnu99;
				GCC_DYNAMIC_NO_PIC = NO;
				GCC_ENABLE_OBJC_EXCEPTIONS = YES;
				GCC_OPTIMIZATION_LEVEL = 0;
				GCC_PREPROCESSOR_DEFINITIONS = (
					"DEBUG=1",
					"$(inherited)",
				);
				GCC_SYMBOLS_PRIVATE_EXTERN = NO;
				GCC_VERSION = com.apple.compilers.llvm.clang.1_0;
				GCC_WARN_64_TO_32_BIT_CONVERSION = YES;
				GCC_WARN_ABOUT_RETURN_TYPE = YES;
				GCC_WARN_UNINITIALIZED_AUTOS = YES;
				GCC_WARN_UNUSED_VARIABLE = YES;
				MACOSX_DEPLOYMENT_TARGET = 10.7;
				ONLY_ACTIVE_ARCH = YES;
				SDKROOT = macosx;
			};
			name = Debug;
		};
		2776D6F4156EF98400C57037 /* Release */ = {
			isa = XCBuildConfiguration;
			buildSettings = {
				ALWAYS_SEARCH_USER_PATHS = NO;
				ARCHS = "$(ARCHS_STANDARD_64_BIT)";
				CLANG_ENABLE_OBJC_ARC = YES;
				COPY_PHASE_STRIP = YES;
				DEBUG_INFORMATION_FORMAT = "dwarf-with-dsym";
				GCC_C_LANGUAGE_STANDARD = gnu99;
				GCC_ENABLE_OBJC_EXCEPTIONS = YES;
				GCC_VERSION = com.apple.compilers.llvm.clang.1_0;
				GCC_WARN_64_TO_32_BIT_CONVERSION = YES;
				GCC_WARN_ABOUT_RETURN_TYPE = YES;
				GCC_WARN_UNINITIALIZED_AUTOS = YES;
				GCC_WARN_UNUSED_VARIABLE = YES;
				MACOSX_DEPLOYMENT_TARGET = 10.7;
				SDKROOT = macosx;
			};
			name = Release;
		};
		2776D6F6156EF98400C57037 /* Debug */ = {
			isa = XCBuildConfiguration;
			buildSettings = {
				FRAMEWORK_SEARCH_PATHS = (
					"$(inherited)",
					"\"$(SRCROOT)/FrameworksOSX\"",
				);
				GCC_PRECOMPILE_PREFIX_HEADER = YES;
				GCC_PREFIX_HEADER = "HelloRoutingServerOSX/HelloRoutingServer-Prefix.pch";
				INFOPLIST_FILE = "HelloRoutingServerOSX/HelloRoutingServer-Info.plist";
				PRODUCT_NAME = "$(PROJECT_NAME)";
				WRAPPER_EXTENSION = app;
			};
			name = Debug;
		};
		2776D6F7156EF98400C57037 /* Release */ = {
			isa = XCBuildConfiguration;
			buildSettings = {
				FRAMEWORK_SEARCH_PATHS = (
					"$(inherited)",
					"\"$(SRCROOT)/FrameworksOSX\"",
				);
				GCC_PRECOMPILE_PREFIX_HEADER = YES;
				GCC_PREFIX_HEADER = "HelloRoutingServerOSX/HelloRoutingServer-Prefix.pch";
				INFOPLIST_FILE = "HelloRoutingServerOSX/HelloRoutingServer-Info.plist";
				PRODUCT_NAME = "$(PROJECT_NAME)";
				WRAPPER_EXTENSION = app;
			};
			name = Release;
		};
/* End XCBuildConfiguration section */

/* Begin XCConfigurationList section */
		2750B81B157177880058BAC7 /* Build configuration list for PBXNativeTarget "HelloRoutingServerIOS" */ = {
			isa = XCConfigurationList;
			buildConfigurations = (
				2750B819157177880058BAC7 /* Debug */,
				2750B81A157177880058BAC7 /* Release */,
			);
			defaultConfigurationIsVisible = 0;
			defaultConfigurationName = Release;
		};
		2776D6D1156EF98300C57037 /* Build configuration list for PBXProject "HelloRoutingServer" */ = {
			isa = XCConfigurationList;
			buildConfigurations = (
				2776D6F3156EF98400C57037 /* Debug */,
				2776D6F4156EF98400C57037 /* Release */,
			);
			defaultConfigurationIsVisible = 0;
			defaultConfigurationName = Release;
		};
		2776D6F5156EF98400C57037 /* Build configuration list for PBXNativeTarget "HelloRoutingServerOSX" */ = {
			isa = XCConfigurationList;
			buildConfigurations = (
				2776D6F6156EF98400C57037 /* Debug */,
				2776D6F7156EF98400C57037 /* Release */,
			);
			defaultConfigurationIsVisible = 0;
			defaultConfigurationName = Release;
		};
/* End XCConfigurationList section */
	};
	rootObject = 2776D6CE156EF98300C57037 /* Project object */;
}
